Microsoft Visual Studio Solution File, Format Version 12.00
# Visual Studio Version 18
VisualStudioVersion = 18.9.12120.119 stable
MinimumVisualStudioVersion = 10.0.40219.1
Project("{FAE04EC0-301F-11D3-BF4B-00C04F79EFBC}") = "StarTime.Core", "src\StarTime.Core\StarTime.Core.csproj", "{3CC80733-8F28-4F6B-8595-E65EEDFEFF7A}"
EndProject
Project("{FAE04EC0-301F-11D3-BF4B-00C04F79EFBC}") = "StarTime.VisualStudio", "src\StarTime.VisualStudio\StarTime.VisualStudio.csproj", "{B9E72EAB-6C31-480F-A9C8-41C5D953948C}"
EndProject
Project("{FAE04EC0-301F-11D3-BF4B-00C04F79EFBC}") = "StarTime.Core.Tests", "tests\StarTime.Core.Tests\StarTime.Core.Tests.csproj", "{55F4D2C1-99F9-4529-BCEA-B3637728EBCA}"
EndProject
Global
	GlobalSection(SolutionConfigurationPlatforms) = preSolution
		Debug|Any CPU = Debug|Any CPU
		Release|Any CPU = Release|Any CPU
	EndGlobalSection
	GlobalSection(ProjectConfigurationPlatforms) = postSolution
		{3CC80733-8F28-4F6B-8595-E65EEDFEFF7A}.Debug|Any CPU.ActiveCfg = Debug|Any CPU
		{3CC80733-8F28-4F6B-8595-E65EEDFEFF7A}.Debug|Any CPU.Build.0 = Debug|Any CPU
		{3CC80733-8F28-4F6B-8595-E65EEDFEFF7A}.Release|Any CPU.ActiveCfg = Release|Any CPU
		{3CC80733-8F28-4F6B-8595-E65EEDFEFF7A}.Release|Any CPU.Build.0 = Release|Any CPU
		{B9E72EAB-6C31-480F-A9C8-41C5D953948C}.Debug|Any CPU.ActiveCfg = Debug|Any CPU
		{B9E72EAB-6C31-480F-A9C8-41C5D953948C}.Debug|Any CPU.Build.0 = Debug|Any CPU
		{B9E72EAB-6C31-480F-A9C8-41C5D953948C}.Debug|Any CPU.Deploy.0 = Debug|Any CPU
		{B9E72EAB-6C31-480F-A9C8-41C5D953948C}.Release|Any CPU.ActiveCfg = Release|Any CPU
		{B9E72EAB-6C31-480F-A9C8-41C5D953948C}.Release|Any CPU.Build.0 = Release|Any CPU
		{55F4D2C1-99F9-4529-BCEA-B3637728EBCA}.Debug|Any CPU.ActiveCfg = Debug|Any CPU
		{55F4D2C1-99F9-4529-BCEA-B3637728EBCA}.Debug|Any CPU.Build.0 = Debug|Any CPU
		{55F4D2C1-99F9-4529-BCEA-B3637728EBCA}.Release|Any CPU.ActiveCfg = Release|Any CPU
		{55F4D2C1-99F9-4529-BCEA-B3637728EBCA}.Release|Any CPU.Build.0 = Release|Any CPU
	EndGlobalSection
	GlobalSection(SolutionProperties) = preSolution
		HideSolutionNode = FALSE
	EndGlobalSection
EndGlobal
